{
  "name": "@astrouxds/rux-status",
  "version": "3.1.1",
  "lockfileVersion": 1,
  "requires": true,
  "dependencies": {
    "eslint-config-google": {
      "version": "0.13.0",
      "resolved": "https://registry.npmjs.org/eslint-config-google/-/eslint-config-google-0.13.0.tgz",
      "integrity": "sha512-ELgMdOIpn0CFdsQS+FuxO+Ttu4p+aLaXHv9wA9yVnzqlUGV7oN/eRRnJekk7TCur6Cu2FXX0fqfIXRBaM14lpQ==",
      "dev": true
    }
  }
}
