{
    "name": "@astrouxds/rux-clock",
    "version": "5.3.1",
    "lockfileVersion": 1,
    "requires": true,
    "dependencies": {
        "@webcomponents/webcomponentsjs": {
            "version": "2.5.0",
            "resolved": "https://registry.npmjs.org/@webcomponents/webcomponentsjs/-/webcomponentsjs-2.5.0.tgz",
            "integrity": "sha512-C0l51MWQZ9kLzcxOZtniOMohpIFdCLZum7/TEHv3XWFc1Fvt5HCpbSX84x8ltka/JuNKcuiDnxXFkiB2gaePcg=="
        },
        "date-fns": {
            "version": "2.17.0",
            "resolved": "https://registry.npmjs.org/date-fns/-/date-fns-2.17.0.tgz",
            "integrity": "sha512-ZEhqxUtEZeGgg9eHNSOAJ8O9xqSgiJdrL0lzSSfMF54x6KXWJiOH/xntSJ9YomJPrYH/p08t6gWjGWq1SDJlSA=="
        },
        "date-fns-tz": {
            "version": "1.1.1",
            "resolved": "https://registry.npmjs.org/date-fns-tz/-/date-fns-tz-1.1.1.tgz",
            "integrity": "sha512-5PR604TlyvpiNXtvn+PZCcCazsI8fI1am3/aimNFN8CMqHQ0KRl+6hB46y4mDbB7bk3+caEx3qHhS7Ewac/FIg=="
        },
        "lit-element": {
            "version": "2.4.0",
            "resolved": "https://registry.npmjs.org/lit-element/-/lit-element-2.4.0.tgz",
            "integrity": "sha512-pBGLglxyhq/Prk2H91nA0KByq/hx/wssJBQFiYqXhGDvEnY31PRGYf1RglVzyLeRysu0IHm2K0P196uLLWmwFg==",
            "requires": {
                "lit-html": "^1.1.1"
            }
        },
        "lit-html": {
            "version": "1.3.0",
            "resolved": "https://registry.npmjs.org/lit-html/-/lit-html-1.3.0.tgz",
            "integrity": "sha512-0Q1bwmaFH9O14vycPHw8C/IeHMk/uSDldVLIefu/kfbTBGIc44KGH6A8p1bDfxUfHdc8q6Ct7kQklWoHgr4t1Q=="
        },
        "military-timezones": {
            "version": "1.0.0",
            "resolved": "https://registry.npmjs.org/military-timezones/-/military-timezones-1.0.0.tgz",
            "integrity": "sha512-ApZbL3j1NqbRPbB1gfOnY8YRR+wQU3QU3GsPAanB7AlmKXcvkzlg4+eaikAMgUxsZ55L4mcJUZn71U7UIA2aKw=="
        }
    }
}
